
Microsoft Visual Studio Solution File, Format Version 12.00
# Visual Studio Version 16
VisualStudioVersion = 16.0.30011.22
MinimumVisualStudioVersion = 10.0.40219.1
Project("{FAE04EC0-301F-11D3-BF4B-00C04F79EFBC}") = "Projekt_2", "Projekt_2\Projekt_2.csproj", "{ABEA7885-1051-4556-BC5D-CCB763CCBF1D}"
EndProject
Global
	GlobalSection(SolutionConfigurationPlatforms) = preSolution
		Debug|Any CPU = Debug|Any CPU
		Release|Any CPU = Release|Any CPU
	EndGlobalSection
	GlobalSection(ProjectConfigurationPlatforms) = postSolution
		{ABEA7885-1051-4556-BC5D-CCB763CCBF1D}.Debug|Any CPU.ActiveCfg = Debug|Any CPU
		{ABEA7885-1051-4556-BC5D-CCB763CCBF1D}.Debug|Any CPU.Build.0 = Debug|Any CPU
		{ABEA7885-1051-4556-BC5D-CCB763CCBF1D}.Release|Any CPU.ActiveCfg = Release|Any CPU
		{ABEA7885-1051-4556-BC5D-CCB763CCBF1D}.Release|Any CPU.Build.0 = Release|Any CPU
	EndGlobalSection
	GlobalSection(SolutionProperties) = preSolution
		HideSolutionNode = FALSE
	EndGlobalSection
	GlobalSection(ExtensibilityGlobals) = postSolution
		SolutionGuid = {F636B99D-F840-43D9-B8E9-0CE0CFB78A6C}
	EndGlobalSection
EndGlobal
